
Microsoft Visual Studio Solution File, Format Version 12.00
# Visual Studio 15
VisualStudioVersion = 15.0.26430.16
MinimumVisualStudioVersion = 10.0.40219.1
Project("{FAE04EC0-301F-11D3-BF4B-00C04F79EFBC}") = "WebService_SharePoint", "WebService_SharePoint\WebService_SharePoint.csproj", "{58CDA949-D3FD-4C3E-8F77-54DBB7D966D3}"
EndProject
Global
	GlobalSection(SolutionConfigurationPlatforms) = preSolution
		Debug|Any CPU = Debug|Any CPU
		Release|Any CPU = Release|Any CPU
	EndGlobalSection
	GlobalSection(ProjectConfigurationPlatforms) = postSolution
		{58CDA949-D3FD-4C3E-8F77-54DBB7D966D3}.Debug|Any CPU.ActiveCfg = Debug|Any CPU
		{58CDA949-D3FD-4C3E-8F77-54DBB7D966D3}.Debug|Any CPU.Build.0 = Debug|Any CPU
		{58CDA949-D3FD-4C3E-8F77-54DBB7D966D3}.Release|Any CPU.ActiveCfg = Release|Any CPU
		{58CDA949-D3FD-4C3E-8F77-54DBB7D966D3}.Release|Any CPU.Build.0 = Release|Any CPU
	EndGlobalSection
	GlobalSection(SolutionProperties) = preSolution
		HideSolutionNode = FALSE
	EndGlobalSection
EndGlobal
